
Microsoft Visual Studio Solution File, Format Version 12.00
# Visual Studio Version 16
VisualStudioVersion = 16.0.31229.75
MinimumVisualStudioVersion = 10.0.40219.1
Project("{9A19103F-16F7-4668-BE54-9A1E7A4F7556}") = "ClassLibraryRsueOOP", "ClassLibraryRsueOOP\ClassLibraryRsueOOP.csproj", "{D66FE3FE-DE35-4BBC-9207-75EDB25837BD}"
EndProject
Project("{9A19103F-16F7-4668-BE54-9A1E7A4F7556}") = "Lab4", "Lab4\Lab4.csproj", "{9AFD5692-2DE8-4DD3-A3EB-9C14CB19E898}"
EndProject
Project("{9A19103F-16F7-4668-BE54-9A1E7A4F7556}") = "ClassLibraryRsueOOPInterfaces", "ClassLibraryRsueOOPInterfaces\ClassLibraryRsueOOPInterfaces.csproj", "{5F8032DF-45A2-4D43-9C8E-0358D8DC3720}"
EndProject
Project("{9A19103F-16F7-4668-BE54-9A1E7A4F7556}") = "Lab5", "Lab5\Lab5.csproj", "{F9C86C97-8D18-49C7-BFD5-E5F8F324B56C}"
EndProject
Project("{FAE04EC0-301F-11D3-BF4B-00C04F79EFBC}") = "Lab6", "Lab6\Lab6.csproj", "{7DD6B18D-7F35-415E-A99F-A3D3B9AEC3B5}"
EndProject
Project("{FAE04EC0-301F-11D3-BF4B-00C04F79EFBC}") = "Lab7", "Lab7\Lab7.csproj", "{61CF2F44-8FB4-47CF-ABB3-7308FCCEDAB3}"
EndProject
Global
	GlobalSection(SolutionConfigurationPlatforms) = preSolution
		Debug|Any CPU = Debug|Any CPU
		Release|Any CPU = Release|Any CPU
	EndGlobalSection
	GlobalSection(ProjectConfigurationPlatforms) = postSolution
		{D66FE3FE-DE35-4BBC-9207-75EDB25837BD}.Debug|Any CPU.ActiveCfg = Debug|Any CPU
		{D66FE3FE-DE35-4BBC-9207-75EDB25837BD}.Debug|Any CPU.Build.0 = Debug|Any CPU
		{D66FE3FE-DE35-4BBC-9207-75EDB25837BD}.Release|Any CPU.ActiveCfg = Release|Any CPU
		{D66FE3FE-DE35-4BBC-9207-75EDB25837BD}.Release|Any CPU.Build.0 = Release|Any CPU
		{9AFD5692-2DE8-4DD3-A3EB-9C14CB19E898}.Debug|Any CPU.ActiveCfg = Debug|Any CPU
		{9AFD5692-2DE8-4DD3-A3EB-9C14CB19E898}.Debug|Any CPU.Build.0 = Debug|Any CPU
		{9AFD5692-2DE8-4DD3-A3EB-9C14CB19E898}.Release|Any CPU.ActiveCfg = Release|Any CPU
		{9AFD5692-2DE8-4DD3-A3EB-9C14CB19E898}.Release|Any CPU.Build.0 = Release|Any CPU
		{5F8032DF-45A2-4D43-9C8E-0358D8DC3720}.Debug|Any CPU.ActiveCfg = Debug|Any CPU
		{5F8032DF-45A2-4D43-9C8E-0358D8DC3720}.Debug|Any CPU.Build.0 = Debug|Any CPU
		{5F8032DF-45A2-4D43-9C8E-0358D8DC3720}.Release|Any CPU.ActiveCfg = Release|Any CPU
		{5F8032DF-45A2-4D43-9C8E-0358D8DC3720}.Release|Any CPU.Build.0 = Release|Any CPU
		{F9C86C97-8D18-49C7-BFD5-E5F8F324B56C}.Debug|Any CPU.ActiveCfg = Debug|Any CPU
		{F9C86C97-8D18-49C7-BFD5-E5F8F324B56C}.Debug|Any CPU.Build.0 = Debug|Any CPU
		{F9C86C97-8D18-49C7-BFD5-E5F8F324B56C}.Release|Any CPU.ActiveCfg = Release|Any CPU
		{F9C86C97-8D18-49C7-BFD5-E5F8F324B56C}.Release|Any CPU.Build.0 = Release|Any CPU
		{7DD6B18D-7F35-415E-A99F-A3D3B9AEC3B5}.Debug|Any CPU.ActiveCfg = Debug|Any CPU
		{7DD6B18D-7F35-415E-A99F-A3D3B9AEC3B5}.Debug|Any CPU.Build.0 = Debug|Any CPU
		{7DD6B18D-7F35-415E-A99F-A3D3B9AEC3B5}.Release|Any CPU.ActiveCfg = Release|Any CPU
		{7DD6B18D-7F35-415E-A99F-A3D3B9AEC3B5}.Release|Any CPU.Build.0 = Release|Any CPU
		{61CF2F44-8FB4-47CF-ABB3-7308FCCEDAB3}.Debug|Any CPU.ActiveCfg = Debug|Any CPU
		{61CF2F44-8FB4-47CF-ABB3-7308FCCEDAB3}.Debug|Any CPU.Build.0 = Debug|Any CPU
		{61CF2F44-8FB4-47CF-ABB3-7308FCCEDAB3}.Release|Any CPU.ActiveCfg = Release|Any CPU
		{61CF2F44-8FB4-47CF-ABB3-7308FCCEDAB3}.Release|Any CPU.Build.0 = Release|Any CPU
	EndGlobalSection
	GlobalSection(SolutionProperties) = preSolution
		HideSolutionNode = FALSE
	EndGlobalSection
	GlobalSection(ExtensibilityGlobals) = postSolution
		SolutionGuid = {EFC05DF4-5DDF-4912-8278-2B8DB2E4567C}
	EndGlobalSection
EndGlobal
